
Microsoft Visual Studio Solution File, Format Version 12.00
# Visual Studio Version 17
VisualStudioVersion = 17.1.32210.238
MinimumVisualStudioVersion = 10.0.40219.1
Project("{FAE04EC0-301F-11D3-BF4B-00C04F79EFBC}") = "D36_EmployeePayrollMultiThreading", "D36_EmployeePayrollMultiThreading\D36_EmployeePayrollMultiThreading.csproj", "{66F876CC-4FD3-4910-910C-A051256262B7}"
EndProject
Project("{FAE04EC0-301F-11D3-BF4B-00C04F79EFBC}") = "EmployeePayrollTest", "EmployeePayrollTest\EmployeePayrollTest.csproj", "{EC4BF0D5-8FD4-4DBF-82CD-2575EC5515BA}"
EndProject
Global
	GlobalSection(SolutionConfigurationPlatforms) = preSolution
		Debug|Any CPU = Debug|Any CPU
		Release|Any CPU = Release|Any CPU
	EndGlobalSection
	GlobalSection(ProjectConfigurationPlatforms) = postSolution
		{66F876CC-4FD3-4910-910C-A051256262B7}.Debug|Any CPU.ActiveCfg = Debug|Any CPU
		{66F876CC-4FD3-4910-910C-A051256262B7}.Debug|Any CPU.Build.0 = Debug|Any CPU
		{66F876CC-4FD3-4910-910C-A051256262B7}.Release|Any CPU.ActiveCfg = Release|Any CPU
		{66F876CC-4FD3-4910-910C-A051256262B7}.Release|Any CPU.Build.0 = Release|Any CPU
		{EC4BF0D5-8FD4-4DBF-82CD-2575EC5515BA}.Debug|Any CPU.ActiveCfg = Debug|Any CPU
		{EC4BF0D5-8FD4-4DBF-82CD-2575EC5515BA}.Debug|Any CPU.Build.0 = Debug|Any CPU
		{EC4BF0D5-8FD4-4DBF-82CD-2575EC5515BA}.Release|Any CPU.ActiveCfg = Release|Any CPU
		{EC4BF0D5-8FD4-4DBF-82CD-2575EC5515BA}.Release|Any CPU.Build.0 = Release|Any CPU
	EndGlobalSection
	GlobalSection(SolutionProperties) = preSolution
		HideSolutionNode = FALSE
	EndGlobalSection
	GlobalSection(ExtensibilityGlobals) = postSolution
		SolutionGuid = {1AC90FF7-1A60-4C83-8EF3-059C0D2F842B}
	EndGlobalSection
EndGlobal
